# THIS IS AN AUTOGENERATED FILE. DO NOT EDIT THIS FILE DIRECTLY.
# yarn lockfile v1


react-awesome-modal@^2.0.5:
  version "2.0.5"
  resolved "https://registry.yarnpkg.com/react-awesome-modal/-/react-awesome-modal-2.0.5.tgz#d19702f7e3bc1f43e734f5a60814c2d1593c693a"
  integrity sha512-H+0xKBhcGJCoDtMww5K+XUzQtK+oRNpXr1VZoN1tbBgu+fzrLrF+ZkdRC1XiPLJ5gpVd9uR90yg8nyPTtYj/OQ==

react-uuid@^1.0.2:
  version "1.0.2"
  resolved "https://registry.yarnpkg.com/react-uuid/-/react-uuid-1.0.2.tgz#c77cea91cf38eafb1aaa7910f92621b2ed91b969"
  integrity sha512-5e0GM16uuQj9MdRJlZ0GdLC8LKMwpU9PIqYmF27s3fIV2z+rLyASTaiW4aKzSY4DyGanz+ImzsECkftwGWfAwA==
